
Microsoft Visual Studio Solution File, Format Version 12.00
# Visual Studio 2013
VisualStudioVersion = 12.0.21005.1
MinimumVisualStudioVersion = 10.0.40219.1
Project("{FAE04EC0-301F-11D3-BF4B-00C04F79EFBC}") = "LRS.OA.BLL", "LRS.OA.BLL\LRS.OA.BLL.csproj", "{34C97A26-8D86-4579-8676-724646DC5277}"
EndProject
Project("{FAE04EC0-301F-11D3-BF4B-00C04F79EFBC}") = "LRS.OA.IBLL", "LRS.OA.IBLL\LRS.OA.IBLL.csproj", "{DC5494B5-8C80-436B-89EC-63BE92B7C9F1}"
EndProject
Project("{FAE04EC0-301F-11D3-BF4B-00C04F79EFBC}") = "LRS.OA.DAL", "LRS.OA.DAL\LRS.OA.DAL.csproj", "{0CDA3567-C417-4701-B4C5-B0C6DEE9D734}"
EndProject
Project("{FAE04EC0-301F-11D3-BF4B-00C04F79EFBC}") = "LRS.OA.IDAL", "LRS.OA.IDAL\LRS.OA.IDAL.csproj", "{B5C7EE90-48E0-4D85-83F4-1DF5455486BD}"
EndProject
Project("{FAE04EC0-301F-11D3-BF4B-00C04F79EFBC}") = "LRS.OA.Common", "LRS.OA.Common\LRS.OA.Common.csproj", "{BA15CF0B-FA48-4A95-B09A-107665A0F8BF}"
EndProject
Project("{FAE04EC0-301F-11D3-BF4B-00C04F79EFBC}") = "LRS.OA.Model", "LRS.OA.Model\LRS.OA.Model.csproj", "{E9983F11-058C-452D-9A5E-BD8C4557E008}"
EndProject
Project("{FAE04EC0-301F-11D3-BF4B-00C04F79EFBC}") = "LRS.OA.DALFactiory", "LRS.OA.DALFactiory\LRS.OA.DALFactiory.csproj", "{FE89DF5B-155A-42A8-9277-3549A4D99A50}"
EndProject
Project("{FAE04EC0-301F-11D3-BF4B-00C04F79EFBC}") = "LRS.OA.Web", "LRS.OA.Web\LRS.OA.Web.csproj", "{C65B69C2-DEEE-4FC0-81C8-3C9BC0C8B256}"
EndProject
Project("{FAE04EC0-301F-11D3-BF4B-00C04F79EFBC}") = "LRS.OA.Web.Tests", "LRS.OA.Web.Tests\LRS.OA.Web.Tests.csproj", "{8ABA8467-BDA9-424D-A18E-07625A077324}"
EndProject
Global
	GlobalSection(SolutionConfigurationPlatforms) = preSolution
		Debug|Any CPU = Debug|Any CPU
		Release|Any CPU = Release|Any CPU
	EndGlobalSection
	GlobalSection(ProjectConfigurationPlatforms) = postSolution
		{34C97A26-8D86-4579-8676-724646DC5277}.Debug|Any CPU.ActiveCfg = Debug|Any CPU
		{34C97A26-8D86-4579-8676-724646DC5277}.Debug|Any CPU.Build.0 = Debug|Any CPU
		{34C97A26-8D86-4579-8676-724646DC5277}.Release|Any CPU.ActiveCfg = Release|Any CPU
		{34C97A26-8D86-4579-8676-724646DC5277}.Release|Any CPU.Build.0 = Release|Any CPU
		{DC5494B5-8C80-436B-89EC-63BE92B7C9F1}.Debug|Any CPU.ActiveCfg = Debug|Any CPU
		{DC5494B5-8C80-436B-89EC-63BE92B7C9F1}.Debug|Any CPU.Build.0 = Debug|Any CPU
		{DC5494B5-8C80-436B-89EC-63BE92B7C9F1}.Release|Any CPU.ActiveCfg = Release|Any CPU
		{DC5494B5-8C80-436B-89EC-63BE92B7C9F1}.Release|Any CPU.Build.0 = Release|Any CPU
		{0CDA3567-C417-4701-B4C5-B0C6DEE9D734}.Debug|Any CPU.ActiveCfg = Debug|Any CPU
		{0CDA3567-C417-4701-B4C5-B0C6DEE9D734}.Debug|Any CPU.Build.0 = Debug|Any CPU
		{0CDA3567-C417-4701-B4C5-B0C6DEE9D734}.Release|Any CPU.ActiveCfg = Release|Any CPU
		{0CDA3567-C417-4701-B4C5-B0C6DEE9D734}.Release|Any CPU.Build.0 = Release|Any CPU
		{B5C7EE90-48E0-4D85-83F4-1DF5455486BD}.Debug|Any CPU.ActiveCfg = Debug|Any CPU
		{B5C7EE90-48E0-4D85-83F4-1DF5455486BD}.Debug|Any CPU.Build.0 = Debug|Any CPU
		{B5C7EE90-48E0-4D85-83F4-1DF5455486BD}.Release|Any CPU.ActiveCfg = Release|Any CPU
		{B5C7EE90-48E0-4D85-83F4-1DF5455486BD}.Release|Any CPU.Build.0 = Release|Any CPU
		{BA15CF0B-FA48-4A95-B09A-107665A0F8BF}.Debug|Any CPU.ActiveCfg = Debug|Any CPU
		{BA15CF0B-FA48-4A95-B09A-107665A0F8BF}.Debug|Any CPU.Build.0 = Debug|Any CPU
		{BA15CF0B-FA48-4A95-B09A-107665A0F8BF}.Release|Any CPU.ActiveCfg = Release|Any CPU
		{BA15CF0B-FA48-4A95-B09A-107665A0F8BF}.Release|Any CPU.Build.0 = Release|Any CPU
		{E9983F11-058C-452D-9A5E-BD8C4557E008}.Debug|Any CPU.ActiveCfg = Debug|Any CPU
		{E9983F11-058C-452D-9A5E-BD8C4557E008}.Debug|Any CPU.Build.0 = Debug|Any CPU
		{E9983F11-058C-452D-9A5E-BD8C4557E008}.Release|Any CPU.ActiveCfg = Release|Any CPU
		{E9983F11-058C-452D-9A5E-BD8C4557E008}.Release|Any CPU.Build.0 = Release|Any CPU
		{FE89DF5B-155A-42A8-9277-3549A4D99A50}.Debug|Any CPU.ActiveCfg = Debug|Any CPU
		{FE89DF5B-155A-42A8-9277-3549A4D99A50}.Debug|Any CPU.Build.0 = Debug|Any CPU
		{FE89DF5B-155A-42A8-9277-3549A4D99A50}.Release|Any CPU.ActiveCfg = Release|Any CPU
		{FE89DF5B-155A-42A8-9277-3549A4D99A50}.Release|Any CPU.Build.0 = Release|Any CPU
		{C65B69C2-DEEE-4FC0-81C8-3C9BC0C8B256}.Debug|Any CPU.ActiveCfg = Debug|Any CPU
		{C65B69C2-DEEE-4FC0-81C8-3C9BC0C8B256}.Debug|Any CPU.Build.0 = Debug|Any CPU
		{C65B69C2-DEEE-4FC0-81C8-3C9BC0C8B256}.Release|Any CPU.ActiveCfg = Release|Any CPU
		{C65B69C2-DEEE-4FC0-81C8-3C9BC0C8B256}.Release|Any CPU.Build.0 = Release|Any CPU
		{8ABA8467-BDA9-424D-A18E-07625A077324}.Debug|Any CPU.ActiveCfg = Debug|Any CPU
		{8ABA8467-BDA9-424D-A18E-07625A077324}.Debug|Any CPU.Build.0 = Debug|Any CPU
		{8ABA8467-BDA9-424D-A18E-07625A077324}.Release|Any CPU.ActiveCfg = Release|Any CPU
		{8ABA8467-BDA9-424D-A18E-07625A077324}.Release|Any CPU.Build.0 = Release|Any CPU
	EndGlobalSection
	GlobalSection(SolutionProperties) = preSolution
		HideSolutionNode = FALSE
	EndGlobalSection
EndGlobal
